<?xml version="1.0" encoding="utf-8"?>
<Project ToolsVersion="4.0" xmlns="http://schemas.microsoft.com/developer/msbuild/2003">
  <ItemGroup>
    <Filter Include="Source Files">
      <UniqueIdentifier>{4FC737F1-C7A5-4376-A066-2A32D752A2FF}</UniqueIdentifier>
      <Extensions>cpp;c;cc;cxx;def;odl;idl;hpj;bat;asm;asmx</Extensions>
    </Filter>
    <Filter Include="Header Files">
      <UniqueIdentifier>{93995380-89BD-4b04-88EB-625FBE52EBFB}</UniqueIdentifier>
      <Extensions>h;hh;hpp;hxx;hm;inl;inc;xsd</Extensions>
    </Filter>
    <Filter Include="InterpolationStrategies">
      <UniqueIdentifier>{a8c0340c-7fff-40c5-96bb-efefbc55ebe0}</UniqueIdentifier>
    </Filter>
    <Filter Include="InterpolationStrategies\Bezier">
      <UniqueIdentifier>{fba5f218-c4dc-4b21-906e-1cbedc0217e4}</UniqueIdentifier>
    </Filter>
    <Filter Include="InterpolationStrategies\Linear">
      <UniqueIdentifier>{59abff23-ba54-48c8-8952-fc951928a091}</UniqueIdentifier>
    </Filter>
    <Filter Include="InterpolationStrategies\CatMull">
      <UniqueIdentifier>{03ced2a0-aa8e-487e-b40c-9a096a90d3f4}</UniqueIdentifier>
    </Filter>
    <Filter Include="InterpolationStrategies\Spline">
      <UniqueIdentifier>{6da9d689-b1b1-4ac0-b237-e14834b5cf1a}</UniqueIdentifier>
    </Filter>
    <Filter Include="InterpolationStrategies\Spline\TinySpline">
      <UniqueIdentifier>{7a7175c8-1722-4828-98bd-2515024526e0}</UniqueIdentifier>
    </Filter>
    <Filter Include="Serialization">
      <UniqueIdentifier>{c3ccd069-a373-4ca0-8bb2-78a8adafa3ce}</UniqueIdentifier>
    </Filter>
    <Filter Include="Serialization\json">
      <UniqueIdentifier>{69d788ea-46e4-4818-ac5b-7a6e87790e96}</UniqueIdentifier>
    </Filter>
    <Filter Include="imgui">
      <UniqueIdentifier>{c9a14db7-8bd5-4893-a227-c0c223cee53b}</UniqueIdentifier>
    </Filter>
    <Filter Include="imgui\headers">
      <UniqueIdentifier>{9fc89af7-9494-4546-ad6f-de25fcc463e6}</UniqueIdentifier>
    </Filter>
  </ItemGroup>
  <ItemGroup>
    <ClInclude Include="dollycamplugin.h">
      <Filter>Header Files</Filter>
    </ClInclude>
    <ClInclude Include="dollycam.h">
      <Filter>Header Files</Filter>
    </ClInclude>
    <ClInclude Include="gameapplier.h">
      <Filter>Header Files</Filter>
    </ClInclude>
    <ClInclude Include="models.h">
      <Filter>Header Files</Filter>
    </ClInclude>
    <ClInclude Include="interpstrategies\supportedstrategies.h">
      <Filter>Header Files</Filter>
    </ClInclude>
    <ClInclude Include="interpstrategies\splineinterp.h">
      <Filter>InterpolationStrategies\Spline</Filter>
    </ClInclude>
    <ClInclude Include="interpstrategies\tinyspline\tinyspline.h">
      <Filter>InterpolationStrategies\Spline\TinySpline</Filter>
    </ClInclude>
    <ClInclude Include="interpstrategies\tinyspline\tinysplinecpp.h">
      <Filter>InterpolationStrategies\Spline\TinySpline</Filter>
    </ClInclude>
    <ClInclude Include="interpstrategies\nbezierinterp.h">
      <Filter>InterpolationStrategies\Bezier</Filter>
    </ClInclude>
    <ClInclude Include="interpstrategies\linearinterp.h">
      <Filter>InterpolationStrategies\Linear</Filter>
    </ClInclude>
    <ClInclude Include="interpstrategies\interpstrategy.h">
      <Filter>InterpolationStrategies</Filter>
    </ClInclude>
    <ClInclude Include="interpstrategies\catmullrominterp.h">
      <Filter>InterpolationStrategies\CatMull</Filter>
    </ClInclude>
    <ClInclude Include="serialization.h">
      <Filter>Serialization</Filter>
    </ClInclude>
    <ClInclude Include="nlohmann\json.hpp">
      <Filter>Serialization\json</Filter>
    </ClInclude>
    <ClInclude Include="imguifilebrowser\imfilebrowser.h">
      <Filter>imgui\headers</Filter>
    </ClInclude>
    <ClInclude Include="imgui\stb_rect_pack.h">
      <Filter>imgui\headers</Filter>
    </ClInclude>
    <ClInclude Include="imgui\stb_textedit.h">
      <Filter>imgui\headers</Filter>
    </ClInclude>
    <ClInclude Include="imgui\stb_truetype.h">
      <Filter>imgui\headers</Filter>
    </ClInclude>
    <ClInclude Include="imgui\CustomImguiModifications.h">
      <Filter>imgui\headers</Filter>
    </ClInclude>
    <ClInclude Include="imgui\imconfig.h">
      <Filter>imgui\headers</Filter>
    </ClInclude>
    <ClInclude Include="imgui\imgui.h">
      <Filter>imgui\headers</Filter>
    </ClInclude>
    <ClInclude Include="imgui\imgui_additions.h">
      <Filter>imgui\headers</Filter>
    </ClInclude>
    <ClInclude Include="imgui\imgui_impl_dx9.h">
      <Filter>imgui\headers</Filter>
    </ClInclude>
    <ClInclude Include="imgui\imgui_internal.h">
      <Filter>imgui\headers</Filter>
    </ClInclude>
    <ClInclude Include="imgui\imgui_rangeslider.h">
      <Filter>imgui\headers</Filter>
    </ClInclude>
    <ClInclude Include="imgui\imgui_tabs.h">
      <Filter>imgui\headers</Filter>
    </ClInclude>
    <ClInclude Include="imgui\imgui_timeline.h">
      <Filter>imgui\headers</Filter>
    </ClInclude>
    <ClInclude Include="imgui\imguivariouscontrols.h">
      <Filter>imgui\headers</Filter>
    </ClInclude>
  </ItemGroup>
  <ItemGroup>
    <ClCompile Include="dollycamplugin.cpp">
      <Filter>Source Files</Filter>
    </ClCompile>
    <ClCompile Include="dollycam.cpp">
      <Filter>Source Files</Filter>
    </ClCompile>
    <ClCompile Include="gameapplier.cpp">
      <Filter>Source Files</Filter>
    </ClCompile>
    <ClCompile Include="models.cpp">
      <Filter>Source Files</Filter>
    </ClCompile>
    <ClCompile Include="dollycamplugin_gui.cpp">
      <Filter>Source Files</Filter>
    </ClCompile>
    <ClCompile Include="interpstrategies\catmullrominterp.cpp">
      <Filter>InterpolationStrategies\CatMull</Filter>
    </ClCompile>
    <ClCompile Include="interpstrategies\interpstrategy.cpp">
      <Filter>InterpolationStrategies</Filter>
    </ClCompile>
    <ClCompile Include="interpstrategies\linearinterp.cpp">
      <Filter>InterpolationStrategies\Linear</Filter>
    </ClCompile>
    <ClCompile Include="interpstrategies\nbezierinterp.cpp">
      <Filter>InterpolationStrategies\Bezier</Filter>
    </ClCompile>
    <ClCompile Include="interpstrategies\splineinterp.cpp">
      <Filter>InterpolationStrategies\Spline</Filter>
    </ClCompile>
    <ClCompile Include="interpstrategies\tinyspline\tinyspline.c">
      <Filter>InterpolationStrategies\Spline\TinySpline</Filter>
    </ClCompile>
    <ClCompile Include="interpstrategies\tinyspline\tinysplinecpp.cpp">
      <Filter>InterpolationStrategies\Spline\TinySpline</Filter>
    </ClCompile>
    <ClCompile Include="serialization.cpp">
      <Filter>Serialization</Filter>
    </ClCompile>
    <ClCompile Include="imgui\imgui.cpp">
      <Filter>imgui</Filter>
    </ClCompile>
    <ClCompile Include="imgui\imgui_additions.cpp">
      <Filter>imgui</Filter>
    </ClCompile>
    <ClCompile Include="imgui\imgui_draw.cpp">
      <Filter>imgui</Filter>
    </ClCompile>
    <ClCompile Include="imgui\imgui_impl_dx9.cpp">
      <Filter>imgui</Filter>
    </ClCompile>
    <ClCompile Include="imgui\imgui_rangeslider.cpp">
      <Filter>imgui</Filter>
    </ClCompile>
    <ClCompile Include="imgui\imgui_tabs.cpp">
      <Filter>imgui</Filter>
    </ClCompile>
    <ClCompile Include="imgui\imgui_timeline.cpp">
      <Filter>imgui</Filter>
    </ClCompile>
    <ClCompile Include="imgui\imguivariouscontrols.cpp">
      <Filter>imgui</Filter>
    </ClCompile>
  </ItemGroup>
  <ItemGroup>
    <None Include="interpstrategies\tinyspline\tinyspline.i">
      <Filter>InterpolationStrategies\Spline\TinySpline</Filter>
    </None>
  </ItemGroup>
</Project>